{
  "name": "extensions",
  "lockfileVersion": 3,
  "requires": true,
  "packages": {
    "": {
      "dependencies": {
        "fzf": "^0.5.2"
      }
    },
    "node_modules/fzf": {
      "version": "0.5.2",
      "resolved": "https://registry.npmjs.org/fzf/-/fzf-0.5.2.tgz",
      "integrity": "sha512-Tt4kuxLXFKHy8KT40zwsUPUkg1CrsgY25FxA2U/j/0WgEDCk3ddc/zLTCCcbSHX9FcKtLuVaDGtGE/STWC+j3Q==",
      "license": "BSD-3-Clause"
    }
  }
}
